// !$*UTF8*$!
{
	archiveVersion = 1;
	classes = {
	};
	objectVersion = 77;
	objects = {

/* Begin PBXBuildFile section */
		21A1C75FC7B27A7E1732A2C3 /* HeatmapView.swift in Sources */ = {isa = PBXBuildFile; fileRef = DDB04DB58652199AC6A4F11E /* HeatmapView.swift */; };
		24BAD097D640501F3D0E4A68 /* HabitTrackerApp.swift in Sources */ = {isa = PBXBuildFile; fileRef = 6301FCAA76F348B44F8BE9C7 /* HabitTrackerApp.swift */; };
		26541C2570F12F57CD66B668 /* HabitTests.swift in Sources */ = {isa = PBXBuildFile; fileRef = B54460EBFA3BE3323510C415 /* HabitTests.swift */; };
		28AF11CE69A90159D01496C6 /* Assets.xcassets in Resources */ = {isa = PBXBuildFile; fileRef = E563461ADB59303758A5A6A6 /* Assets.xcassets */; };
		544B1EE809950BECAC6526A1 /* HabitDetailView.swift in Sources */ = {isa = PBXBuildFile; fileRef = A9754958FACC83826DCFCED4 /* HabitDetailView.swift */; };
		63075D02E92E0F7CC35392F0 /* ContentView.swift in Sources */ = {isa = PBXBuildFile; fileRef = F24414004E5E02018196388D /* ContentView.swift */; };
		A97ABAD4C590F806173908C5 /* HabitListViewModel.swift in Sources */ = {isa = PBXBuildFile; fileRef = 77AEB13C94A6BE5D48E6A671 /* HabitListViewModel.swift */; };
		AC0CC1C935707A7C84BC7118 /* Habit.swift in Sources */ = {isa = PBXBuildFile; fileRef = 757134E23848D6632FD1EA11 /* Habit.swift */; };
/* End PBXBuildFile section */

/* Begin PBXContainerItemProxy section */
		355BA69ECE66FEABAE1203A0 /* PBXContainerItemProxy */ = {
			isa = PBXContainerItemProxy;
			containerPortal = E45E78256CA0A7B0829E02D1 /* Project object */;
			proxyType = 1;
			remoteGlobalIDString = 9E0E00F5452D1AB276ADAA3F;
			remoteInfo = HabitTracker;
		};
/* End PBXContainerItemProxy section */

/* Begin PBXFileReference section */
		2733A4577B239251B52458FE /* Info.plist */ = {isa = PBXFileReference; lastKnownFileType = text.plist; path = Info.plist; sourceTree = "<group>"; };
		6301FCAA76F348B44F8BE9C7 /* HabitTrackerApp.swift */ = {isa = PBXFileReference; lastKnownFileType = sourcecode.swift; path = HabitTrackerApp.swift; sourceTree = "<group>"; };
		757134E23848D6632FD1EA11 /* Habit.swift */ = {isa = PBXFileReference; lastKnownFileType = sourcecode.swift; path = Habit.swift; sourceTree = "<group>"; };
		77AEB13C94A6BE5D48E6A671 /* HabitListViewModel.swift */ = {isa = PBXFileReference; lastKnownFileType = sourcecode.swift; path = HabitListViewModel.swift; sourceTree = "<group>"; };
		934C18A7F2EB31512CEB4A4E /* HabitTracker.app */ = {isa = PBXFileReference; includeInIndex = 0; lastKnownFileType = wrapper.application; path = HabitTracker.app; sourceTree = BUILT_PRODUCTS_DIR; };
		A23F8410FFD146F6B134A267 /* HabitTrackerTests.xctest */ = {isa = PBXFileReference; includeInIndex = 0; lastKnownFileType = wrapper.cfbundle; path = HabitTrackerTests.xctest; sourceTree = BUILT_PRODUCTS_DIR; };
		A9754958FACC83826DCFCED4 /* HabitDetailView.swift */ = {isa = PBXFileReference; lastKnownFileType = sourcecode.swift; path = HabitDetailView.swift; sourceTree = "<group>"; };
		B54460EBFA3BE3323510C415 /* HabitTests.swift */ = {isa = PBXFileReference; lastKnownFileType = sourcecode.swift; path = HabitTests.swift; sourceTree = "<group>"; };
		DDB04DB58652199AC6A4F11E /* HeatmapView.swift */ = {isa = PBXFileReference; lastKnownFileType = sourcecode.swift; path = HeatmapView.swift; sourceTree = "<group>"; };
		E563461ADB59303758A5A6A6 /* Assets.xcassets */ = {isa = PBXFileReference; lastKnownFileType = folder.assetcatalog; path = Assets.xcassets; sourceTree = "<group>"; };
		F24414004E5E02018196388D /* ContentView.swift */ = {isa = PBXFileReference; lastKnownFileType = sourcecode.swift; path = ContentView.swift; sourceTree = "<group>"; };
/* End PBXFileReference section */

/* Begin PBXGroup section */
		205CA1387EBF37732F8D43CC /* HabitTrackerTests */ = {
			isa = PBXGroup;
			children = (
				B54460EBFA3BE3323510C415 /* HabitTests.swift */,
			);
			path = HabitTrackerTests;
			sourceTree = "<group>";
		};
		235E42B14336039F7D129B71 /* ViewModels */ = {
			isa = PBXGroup;
			children = (
				77AEB13C94A6BE5D48E6A671 /* HabitListViewModel.swift */,
			);
			path = ViewModels;
			sourceTree = "<group>";
		};
		2CEDC5272953824332C89E86 /* Models */ = {
			isa = PBXGroup;
			children = (
				757134E23848D6632FD1EA11 /* Habit.swift */,
			);
			path = Models;
			sourceTree = "<group>";
		};
		352DB91DF7592F1B4DD73E96 /* Resources */ = {
			isa = PBXGroup;
			children = (
				E563461ADB59303758A5A6A6 /* Assets.xcassets */,
			);
			path = Resources;
			sourceTree = "<group>";
		};
		48DE7E647A1A1ED7AC7E6669 /* App */ = {
			isa = PBXGroup;
			children = (
				6301FCAA76F348B44F8BE9C7 /* HabitTrackerApp.swift */,
			);
			path = App;
			sourceTree = "<group>";
		};
		9C9D0BF25D7DE56F117F6DA2 /* HabitTracker */ = {
			isa = PBXGroup;
			children = (
				2733A4577B239251B52458FE /* Info.plist */,
				48DE7E647A1A1ED7AC7E6669 /* App */,
				2CEDC5272953824332C89E86 /* Models */,
				352DB91DF7592F1B4DD73E96 /* Resources */,
				235E42B14336039F7D129B71 /* ViewModels */,
				FB4A59153CF6B03ACFF1A5F5 /* Views */,
			);
			path = HabitTracker;
			sourceTree = "<group>";
		};
		BDC4DE8D6609AA3C6B2338F1 /* Products */ = {
			isa = PBXGroup;
			children = (
				934C18A7F2EB31512CEB4A4E /* HabitTracker.app */,
				A23F8410FFD146F6B134A267 /* HabitTrackerTests.xctest */,
			);
			name = Products;
			sourceTree = "<group>";
		};
		D6ECF9B08F98D87F6F44C8AD = {
			isa = PBXGroup;
			children = (
				9C9D0BF25D7DE56F117F6DA2 /* HabitTracker */,
				205CA1387EBF37732F8D43CC /* HabitTrackerTests */,
				BDC4DE8D6609AA3C6B2338F1 /* Products */,
			);
			sourceTree = "<group>";
		};
		FB4A59153CF6B03ACFF1A5F5 /* Views */ = {
			isa = PBXGroup;
			children = (
				F24414004E5E02018196388D /* ContentView.swift */,
				A9754958FACC83826DCFCED4 /* HabitDetailView.swift */,
				DDB04DB58652199AC6A4F11E /* HeatmapView.swift */,
			);
			path = Views;
			sourceTree = "<group>";
		};
/* End PBXGroup section */

/* Begin PBXNativeTarget section */
		9E0E00F5452D1AB276ADAA3F /* HabitTracker */ = {
			isa = PBXNativeTarget;
			buildConfigurationList = 15BD32C286F29901DB14CA1F /* Build configuration list for PBXNativeTarget "HabitTracker" */;
			buildPhases = (
				D6C29FDFD6FF722BF6177787 /* Sources */,
				7FC83F90F2F600B7D101FA7B /* Resources */,
			);
			buildRules = (
			);
			dependencies = (
			);
			name = HabitTracker;
			packageProductDependencies = (
			);
			productName = HabitTracker;
			productReference = 934C18A7F2EB31512CEB4A4E /* HabitTracker.app */;
			productType = "com.apple.product-type.application";
		};
		B340C0C969207F301BAA1B19 /* HabitTrackerTests */ = {
			isa = PBXNativeTarget;
			buildConfigurationList = 84311C143F740D7802A63C7D /* Build configuration list for PBXNativeTarget "HabitTrackerTests" */;
			buildPhases = (
				236D512ECEE587906581DFE1 /* Sources */,
			);
			buildRules = (
			);
			dependencies = (
				62C9122989694653E4F454B0 /* PBXTargetDependency */,
			);
			name = HabitTrackerTests;
			packageProductDependencies = (
			);
			productName = HabitTrackerTests;
			productReference = A23F8410FFD146F6B134A267 /* HabitTrackerTests.xctest */;
			productType = "com.apple.product-type.bundle.unit-test";
		};
/* End PBXNativeTarget section */

/* Begin PBXProject section */
		E45E78256CA0A7B0829E02D1 /* Project object */ = {
			isa = PBXProject;
			attributes = {
				BuildIndependentTargetsInParallel = YES;
				LastUpgradeCheck = 1430;
				TargetAttributes = {
				};
			};
			buildConfigurationList = 0C4671CC9F1D8325FB71B481 /* Build configuration list for PBXProject "HabitTracker" */;
			developmentRegion = en;
			hasScannedForEncodings = 0;
			knownRegions = (
				Base,
				en,
			);
			mainGroup = D6ECF9B08F98D87F6F44C8AD;
			minimizedProjectReferenceProxies = 1;
			preferredProjectObjectVersion = 77;
			productRefGroup = BDC4DE8D6609AA3C6B2338F1 /* Products */;
			projectDirPath = "";
			projectRoot = "";
			targets = (
				9E0E00F5452D1AB276ADAA3F /* HabitTracker */,
				B340C0C969207F301BAA1B19 /* HabitTrackerTests */,
			);
		};
/* End PBXProject section */

/* Begin PBXResourcesBuildPhase section */
		7FC83F90F2F600B7D101FA7B /* Resources */ = {
			isa = PBXResourcesBuildPhase;
			buildActionMask = 2147483647;
			files = (
				28AF11CE69A90159D01496C6 /* Assets.xcassets in Resources */,
			);
			runOnlyForDeploymentPostprocessing = 0;
		};
/* End PBXResourcesBuildPhase section */

/* Begin PBXSourcesBuildPhase section */
		236D512ECEE587906581DFE1 /* Sources */ = {
			isa = PBXSourcesBuildPhase;
			buildActionMask = 2147483647;
			files = (
				26541C2570F12F57CD66B668 /* HabitTests.swift in Sources */,
			);
			runOnlyForDeploymentPostprocessing = 0;
		};
		D6C29FDFD6FF722BF6177787 /* Sources */ = {
			isa = PBXSourcesBuildPhase;
			buildActionMask = 2147483647;
			files = (
				63075D02E92E0F7CC35392F0 /* ContentView.swift in Sources */,
				AC0CC1C935707A7C84BC7118 /* Habit.swift in Sources */,
				544B1EE809950BECAC6526A1 /* HabitDetailView.swift in Sources */,
				A97ABAD4C590F806173908C5 /* HabitListViewModel.swift in Sources */,
				24BAD097D640501F3D0E4A68 /* HabitTrackerApp.swift in Sources */,
				21A1C75FC7B27A7E1732A2C3 /* HeatmapView.swift in Sources */,
			);
			runOnlyForDeploymentPostprocessing = 0;
		};
/* End PBXSourcesBuildPhase section */

/* Begin PBXTargetDependency section */
		62C9122989694653E4F454B0 /* PBXTargetDependency */ = {
			isa = PBXTargetDependency;
			target = 9E0E00F5452D1AB276ADAA3F /* HabitTracker */;
			targetProxy = 355BA69ECE66FEABAE1203A0 /* PBXContainerItemProxy */;
		};
/* End PBXTargetDependency section */

/* Begin XCBuildConfiguration section */
		3789F377332BFE621A8243FC /* Debug */ = {
			isa = XCBuildConfiguration;
			buildSettings = {
				ASSETCATALOG_COMPILER_APPICON_NAME = AppIcon;
				ASSETCATALOG_COMPILER_GLOBAL_ACCENT_COLOR_NAME = AccentColor;
				CODE_SIGN_IDENTITY = "iPhone Developer";
				INFOPLIST_FILE = HabitTracker/Info.plist;
				LD_RUNPATH_SEARCH_PATHS = (
					"$(inherited)",
					"@executable_path/Frameworks",
				);
				PRODUCT_BUNDLE_IDENTIFIER = com.rishavjha.larpios.habittracker;
				SDKROOT = iphoneos;
				SWIFT_VERSION = 5.0;
				TARGETED_DEVICE_FAMILY = "1,2";
			};
			name = Debug;
		};
		54CAA248C45D5AC68FCD253B /* Debug */ = {
			isa = XCBuildConfiguration;
			buildSettings = {
				ALWAYS_SEARCH_USER_PATHS = NO;
				CLANG_ANALYZER_NONNULL = YES;
				CLANG_ANALYZER_NUMBER_OBJECT_CONVERSION = YES_AGGRESSIVE;
				CLANG_CXX_LANGUAGE_STANDARD = "gnu++14";
				CLANG_CXX_LIBRARY = "libc++";
				CLANG_ENABLE_MODULES = YES;
				CLANG_ENABLE_OBJC_ARC = YES;
				CLANG_ENABLE_OBJC_WEAK = YES;
				CLANG_WARN_BLOCK_CAPTURE_AUTORELEASING = YES;
				CLANG_WARN_BOOL_CONVERSION = YES;
				CLANG_WARN_COMMA = YES;
				CLANG_WARN_CONSTANT_CONVERSION = YES;
				CLANG_WARN_DEPRECATED_OBJC_IMPLEMENTATIONS = YES;
				CLANG_WARN_DIRECT_OBJC_ISA_USAGE = YES_ERROR;
				CLANG_WARN_DOCUMENTATION_COMMENTS = YES;
				CLANG_WARN_EMPTY_BODY = YES;
				CLANG_WARN_ENUM_CONVERSION = YES;
				CLANG_WARN_INFINITE_RECURSION = YES;
				CLANG_WARN_INT_CONVERSION = YES;
				CLANG_WARN_NON_LITERAL_NULL_CONVERSION = YES;
				CLANG_WARN_OBJC_IMPLICIT_RETAIN_SELF = YES;
				CLANG_WARN_OBJC_LITERAL_CONVERSION = YES;
				CLANG_WARN_OBJC_ROOT_CLASS = YES_ERROR;
				CLANG_WARN_QUOTED_INCLUDE_IN_FRAMEWORK_HEADER = YES;
				CLANG_WARN_RANGE_LOOP_ANALYSIS = YES;
				CLANG_WARN_STRICT_PROTOTYPES = YES;
				CLANG_WARN_SUSPICIOUS_MOVE = YES;
				CLANG_WARN_UNGUARDED_AVAILABILITY = YES_AGGRESSIVE;
				CLANG_WARN_UNREACHABLE_CODE = YES;
				CLANG_WARN__DUPLICATE_METHOD_MATCH = YES;
				COPY_PHASE_STRIP = NO;
				DEBUG_INFORMATION_FORMAT = dwarf;
				ENABLE_STRICT_OBJC_MSGSEND = YES;
				ENABLE_TESTABILITY = YES;
				GCC_C_LANGUAGE_STANDARD = gnu11;
				GCC_DYNAMIC_NO_PIC = NO;
				GCC_NO_COMMON_BLOCKS = YES;
				GCC_OPTIMIZATION_LEVEL = 0;
				GCC_PREPROCESSOR_DEFINITIONS = (
					"$(inherited)",
					"DEBUG=1",
				);
				GCC_WARN_64_TO_32_BIT_CONVERSION = YES;
				GCC_WARN_ABOUT_RETURN_TYPE = YES_ERROR;
				GCC_WARN_UNDECLARED_SELECTOR = YES;
				GCC_WARN_UNINITIALIZED_AUTOS = YES_AGGRESSIVE;
				GCC_WARN_UNUSED_FUNCTION = YES;
				GCC_WARN_UNUSED_VARIABLE = YES;
				IPHONEOS_DEPLOYMENT_TARGET = 17.0;
				MTL_ENABLE_DEBUG_INFO = INCLUDE_SOURCE;
				MTL_FAST_MATH = YES;
				ONLY_ACTIVE_ARCH = YES;
				PRODUCT_NAME = "$(TARGET_NAME)";
				SDKROOT = iphoneos;
				SWIFT_ACTIVE_COMPILATION_CONDITIONS = DEBUG;
				SWIFT_OPTIMIZATION_LEVEL = "-Onone";
				SWIFT_VERSION = 5.0;
			};
			name = Debug;
		};
		8906BDEADDB4EC1C0043F70C /* Release */ = {
			isa = XCBuildConfiguration;
			buildSettings = {
				ASSETCATALOG_COMPILER_APPICON_NAME = AppIcon;
				ASSETCATALOG_COMPILER_GLOBAL_ACCENT_COLOR_NAME = AccentColor;
				CODE_SIGN_IDENTITY = "iPhone Developer";
				INFOPLIST_FILE = HabitTracker/Info.plist;
				LD_RUNPATH_SEARCH_PATHS = (
					"$(inherited)",
					"@executable_path/Frameworks",
				);
				PRODUCT_BUNDLE_IDENTIFIER = com.rishavjha.larpios.habittracker;
				SDKROOT = iphoneos;
				SWIFT_VERSION = 5.0;
				TARGETED_DEVICE_FAMILY = "1,2";
			};
			name = Release;
		};
		9E552701C37ED2D012D8EC13 /* Debug */ = {
			isa = XCBuildConfiguration;
			buildSettings = {
				BUNDLE_LOADER = "$(TEST_HOST)";
				GENERATE_INFOPLIST_FILE = YES;
				LD_RUNPATH_SEARCH_PATHS = (
					"$(inherited)",
					"@executable_path/Frameworks",
					"@loader_path/Frameworks",
				);
				PRODUCT_BUNDLE_IDENTIFIER = com.rishavjha.larpios.HabitTrackerTests;
				SDKROOT = iphoneos;
				SWIFT_VERSION = 5.0;
				TARGETED_DEVICE_FAMILY = "1,2";
				TEST_HOST = "$(BUILT_PRODUCTS_DIR)/HabitTracker.app/HabitTracker";
			};
			name = Debug;
		};
		B56B3D10A9EE4F90CDFD3E02 /* Release */ = {
			isa = XCBuildConfiguration;
			buildSettings = {
				ALWAYS_SEARCH_USER_PATHS = NO;
				CLANG_ANALYZER_NONNULL = YES;
				CLANG_ANALYZER_NUMBER_OBJECT_CONVERSION = YES_AGGRESSIVE;
				CLANG_CXX_LANGUAGE_STANDARD = "gnu++14";
				CLANG_CXX_LIBRARY = "libc++";
				CLANG_ENABLE_MODULES = YES;
				CLANG_ENABLE_OBJC_ARC = YES;
				CLANG_ENABLE_OBJC_WEAK = YES;
				CLANG_WARN_BLOCK_CAPTURE_AUTORELEASING = YES;
				CLANG_WARN_BOOL_CONVERSION = YES;
				CLANG_WARN_COMMA = YES;
				CLANG_WARN_CONSTANT_CONVERSION = YES;
				CLANG_WARN_DEPRECATED_OBJC_IMPLEMENTATIONS = YES;
				CLANG_WARN_DIRECT_OBJC_ISA_USAGE = YES_ERROR;
				CLANG_WARN_DOCUMENTATION_COMMENTS = YES;
				CLANG_WARN_EMPTY_BODY = YES;
				CLANG_WARN_ENUM_CONVERSION = YES;
				CLANG_WARN_INFINITE_RECURSION = YES;
				CLANG_WARN_INT_CONVERSION = YES;
				CLANG_WARN_NON_LITERAL_NULL_CONVERSION = YES;
				CLANG_WARN_OBJC_IMPLICIT_RETAIN_SELF = YES;
				CLANG_WARN_OBJC_LITERAL_CONVERSION = YES;
				CLANG_WARN_OBJC_ROOT_CLASS = YES_ERROR;
				CLANG_WARN_QUOTED_INCLUDE_IN_FRAMEWORK_HEADER = YES;
				CLANG_WARN_RANGE_LOOP_ANALYSIS = YES;
				CLANG_WARN_STRICT_PROTOTYPES = YES;
				CLANG_WARN_SUSPICIOUS_MOVE = YES;
				CLANG_WARN_UNGUARDED_AVAILABILITY = YES_AGGRESSIVE;
				CLANG_WARN_UNREACHABLE_CODE = YES;
				CLANG_WARN__DUPLICATE_METHOD_MATCH = YES;
				COPY_PHASE_STRIP = NO;
				DEBUG_INFORMATION_FORMAT = "dwarf-with-dsym";
				ENABLE_NS_ASSERTIONS = NO;
				ENABLE_STRICT_OBJC_MSGSEND = YES;
				GCC_C_LANGUAGE_STANDARD = gnu11;
				GCC_NO_COMMON_BLOCKS = YES;
				GCC_WARN_64_TO_32_BIT_CONVERSION = YES;
				GCC_WARN_ABOUT_RETURN_TYPE = YES_ERROR;
				GCC_WARN_UNDECLARED_SELECTOR = YES;
				GCC_WARN_UNINITIALIZED_AUTOS = YES_AGGRESSIVE;
				GCC_WARN_UNUSED_FUNCTION = YES;
				GCC_WARN_UNUSED_VARIABLE = YES;
				IPHONEOS_DEPLOYMENT_TARGET = 17.0;
				MTL_ENABLE_DEBUG_INFO = NO;
				MTL_FAST_MATH = YES;
				PRODUCT_NAME = "$(TARGET_NAME)";
				SDKROOT = iphoneos;
				SWIFT_COMPILATION_MODE = wholemodule;
				SWIFT_OPTIMIZATION_LEVEL = "-O";
				SWIFT_VERSION = 5.0;
			};
			name = Release;
		};
		C83486518A584B025F416EAB /* Release */ = {
			isa = XCBuildConfiguration;
			buildSettings = {
				BUNDLE_LOADER = "$(TEST_HOST)";
				GENERATE_INFOPLIST_FILE = YES;
				LD_RUNPATH_SEARCH_PATHS = (
					"$(inherited)",
					"@executable_path/Frameworks",
					"@loader_path/Frameworks",
				);
				PRODUCT_BUNDLE_IDENTIFIER = com.rishavjha.larpios.HabitTrackerTests;
				SDKROOT = iphoneos;
				SWIFT_VERSION = 5.0;
				TARGETED_DEVICE_FAMILY = "1,2";
				TEST_HOST = "$(BUILT_PRODUCTS_DIR)/HabitTracker.app/HabitTracker";
			};
			name = Release;
		};
/* End XCBuildConfiguration section */

/* Begin XCConfigurationList section */
		0C4671CC9F1D8325FB71B481 /* Build configuration list for PBXProject "HabitTracker" */ = {
			isa = XCConfigurationList;
			buildConfigurations = (
				54CAA248C45D5AC68FCD253B /* Debug */,
				B56B3D10A9EE4F90CDFD3E02 /* Release */,
			);
			defaultConfigurationIsVisible = 0;
			defaultConfigurationName = Debug;
		};
		15BD32C286F29901DB14CA1F /* Build configuration list for PBXNativeTarget "HabitTracker" */ = {
			isa = XCConfigurationList;
			buildConfigurations = (
				3789F377332BFE621A8243FC /* Debug */,
				8906BDEADDB4EC1C0043F70C /* Release */,
			);
			defaultConfigurationIsVisible = 0;
			defaultConfigurationName = Debug;
		};
		84311C143F740D7802A63C7D /* Build configuration list for PBXNativeTarget "HabitTrackerTests" */ = {
			isa = XCConfigurationList;
			buildConfigurations = (
				9E552701C37ED2D012D8EC13 /* Debug */,
				C83486518A584B025F416EAB /* Release */,
			);
			defaultConfigurationIsVisible = 0;
			defaultConfigurationName = Debug;
		};
/* End XCConfigurationList section */
	};
	rootObject = E45E78256CA0A7B0829E02D1 /* Project object */;
}
